Microsoft Visual Studio Solution File, Format Version 11.00
# Visual Studio 2008

Project("{D3E186B4-5ECC-5E9D-84C4-E57225B7CFCE}") = "unity-code", "Assembly-CSharp-firstpass-vs.csproj", "{CADA3D35-A47E-0500-2749-FC07C76718A8}"
EndProject
Project("{D3E186B4-5ECC-5E9D-84C4-E57225B7CFCE}") = "unity-code", "Assembly-CSharp-vs.csproj", "{B4975035-E8D7-C1CD-CDAC-E3BB0675F29B}"
EndProject
Global
	GlobalSection(SolutionConfigurationPlatforms) = preSolution
		Debug|Any CPU = Debug|Any CPU
		Release|Any CPU = Release|Any CPU
	EndGlobalSection
	GlobalSection(ProjectConfigurationPlatforms) = postSolution
		{CADA3D35-A47E-0500-2749-FC07C76718A8}.Debug|Any CPU.ActiveCfg = Debug|Any CPU
		{CADA3D35-A47E-0500-2749-FC07C76718A8}.Debug|Any CPU.Build.0 = Debug|Any CPU
		{CADA3D35-A47E-0500-2749-FC07C76718A8}.Release|Any CPU.ActiveCfg = Release|Any CPU
		{CADA3D35-A47E-0500-2749-FC07C76718A8}.Release|Any CPU.Build.0 = Release|Any CPU
		{B4975035-E8D7-C1CD-CDAC-E3BB0675F29B}.Debug|Any CPU.ActiveCfg = Debug|Any CPU
		{B4975035-E8D7-C1CD-CDAC-E3BB0675F29B}.Debug|Any CPU.Build.0 = Debug|Any CPU
		{B4975035-E8D7-C1CD-CDAC-E3BB0675F29B}.Release|Any CPU.ActiveCfg = Release|Any CPU
		{B4975035-E8D7-C1CD-CDAC-E3BB0675F29B}.Release|Any CPU.Build.0 = Release|Any CPU
	EndGlobalSection
	GlobalSection(SolutionProperties) = preSolution
		HideSolutionNode = FALSE
	EndGlobalSection
							GlobalSection(MonoDevelopProperties) = preSolution
		StartupItem = Assembly-CSharp.csproj
		Policies = $0
		$0.TextStylePolicy = $1
		$1.inheritsSet = null
		$1.scope = text/x-csharp
		$0.CSharpFormattingPolicy = $2
		$2.inheritsSet = Mono
		$2.inheritsScope = text/x-csharp
		$2.scope = text/x-csharp
		$0.TextStylePolicy = $3
		$3.FileWidth = 120
		$3.TabWidth = 4
		$3.EolMarker = Unix
		$3.inheritsSet = Mono
		$3.inheritsScope = text/plain
		$3.scope = text/plain
	EndGlobalSection

EndGlobal
